Microsoft Visual Studio Solution File, Format Version 12.00
# Visual Studio Version 17
VisualStudioVersion = 17.5.2.0
MinimumVisualStudioVersion = 10.0.40219.1
Project("{FAE04EC0-301F-11D3-BF4B-00C04F79EFBC}") = "10xGitHubPolicies.App", "10xGitHubPolicies.App\10xGitHubPolicies.App.csproj", "{7838BCE1-152D-9D0D-8893-8215F970D390}"
EndProject
Global
	GlobalSection(SolutionConfigurationPlatforms) = preSolution
		Debug|Any CPU = Debug|Any CPU
		Release|Any CPU = Release|Any CPU
	EndGlobalSection
	GlobalSection(ProjectConfigurationPlatforms) = postSolution
		{7838BCE1-152D-9D0D-8893-8215F970D390}.Debug|Any CPU.ActiveCfg = Debug|Any CPU
		{7838BCE1-152D-9D0D-8893-8215F970D390}.Debug|Any CPU.Build.0 = Debug|Any CPU
		{7838BCE1-152D-9D0D-8893-8215F970D390}.Release|Any CPU.ActiveCfg = Release|Any CPU
		{7838BCE1-152D-9D0D-8893-8215F970D390}.Release|Any CPU.Build.0 = Release|Any CPU
	EndGlobalSection
	GlobalSection(SolutionProperties) = preSolution
		HideSolutionNode = FALSE
	EndGlobalSection
	GlobalSection(ExtensibilityGlobals) = postSolution
		SolutionGuid = {84832A9E-283C-416B-BC1C-A7EC15E53990}
	EndGlobalSection
EndGlobal
